
Microsoft Visual Studio Solution File, Format Version 12.00
# Visual Studio 15
VisualStudioVersion = 15.0.27617.1
MinimumVisualStudioVersion = 10.0.40219.1
Project("{FAE04EC0-301F-11D3-BF4B-00C04F79EFBC}") = "BlazorTest.Server", "BlazorTest\BlazorTest.Server\BlazorTest.Server.csproj", "{C05ABC43-F114-4D33-9395-95F10D0BF6F1}"
EndProject
Project("{FAE04EC0-301F-11D3-BF4B-00C04F79EFBC}") = "BlazorTest.Client", "BlazorTest\BlazorTest.Client\BlazorTest.Client.csproj", "{3E78689A-DD72-4C4E-87F4-A916FF9A02A9}"
EndProject
Project("{FAE04EC0-301F-11D3-BF4B-00C04F79EFBC}") = "BlazorTest.Shared", "BlazorTest\BlazorTest.Shared\BlazorTest.Shared.csproj", "{444A5BB5-3B61-42E2-8DAD-9660AA1FFF8E}"
EndProject
Global
	GlobalSection(SolutionConfigurationPlatforms) = preSolution
		Debug|Any CPU = Debug|Any CPU
		Release|Any CPU = Release|Any CPU
	EndGlobalSection
	GlobalSection(ProjectConfigurationPlatforms) = postSolution
		{C05ABC43-F114-4D33-9395-95F10D0BF6F1}.Debug|Any CPU.ActiveCfg = Debug|Any CPU
		{C05ABC43-F114-4D33-9395-95F10D0BF6F1}.Debug|Any CPU.Build.0 = Debug|Any CPU
		{C05ABC43-F114-4D33-9395-95F10D0BF6F1}.Release|Any CPU.ActiveCfg = Release|Any CPU
		{C05ABC43-F114-4D33-9395-95F10D0BF6F1}.Release|Any CPU.Build.0 = Release|Any CPU
		{3E78689A-DD72-4C4E-87F4-A916FF9A02A9}.Debug|Any CPU.ActiveCfg = Debug|Any CPU
		{3E78689A-DD72-4C4E-87F4-A916FF9A02A9}.Debug|Any CPU.Build.0 = Debug|Any CPU
		{3E78689A-DD72-4C4E-87F4-A916FF9A02A9}.Release|Any CPU.ActiveCfg = Release|Any CPU
		{3E78689A-DD72-4C4E-87F4-A916FF9A02A9}.Release|Any CPU.Build.0 = Release|Any CPU
		{444A5BB5-3B61-42E2-8DAD-9660AA1FFF8E}.Debug|Any CPU.ActiveCfg = Debug|Any CPU
		{444A5BB5-3B61-42E2-8DAD-9660AA1FFF8E}.Debug|Any CPU.Build.0 = Debug|Any CPU
		{444A5BB5-3B61-42E2-8DAD-9660AA1FFF8E}.Release|Any CPU.ActiveCfg = Release|Any CPU
		{444A5BB5-3B61-42E2-8DAD-9660AA1FFF8E}.Release|Any CPU.Build.0 = Release|Any CPU
	EndGlobalSection
	GlobalSection(SolutionProperties) = preSolution
		HideSolutionNode = FALSE
	EndGlobalSection
	GlobalSection(ExtensibilityGlobals) = postSolution
		SolutionGuid = {83FDE1C2-C195-4820-AD22-EAB2AB1F5152}
	EndGlobalSection
EndGlobal
